
Microsoft Visual Studio Solution File, Format Version 12.00
# Visual Studio Version 17
VisualStudioVersion = 17.1.32210.238
MinimumVisualStudioVersion = 10.0.40219.1
Project("{9A19103F-16F7-4668-BE54-9A1E7A4F7556}") = "Cli.NET", "Cli.NET\Cli.NET.csproj", "{071AAB32-CFAB-4A02-9203-9E0A1D831DB4}"
EndProject
Project("{9A19103F-16F7-4668-BE54-9A1E7A4F7556}") = "Cli.NET.Console", "Cli.NET.Console\Cli.NET.Console.csproj", "{B57D8554-6089-4093-9251-9CE6A30B7D6C}"
EndProject
Project("{2150E333-8FDC-42A3-9474-1A3956D46DE8}") = "RepositoryItems", "RepositoryItems", "{FE91112C-5E7A-4C53-8708-5EEF11074BE7}"
	ProjectSection(SolutionItems) = preProject
		..\README.MD = ..\README.MD
	EndProjectSection
EndProject
Global
	GlobalSection(SolutionConfigurationPlatforms) = preSolution
		Debug|Any CPU = Debug|Any CPU
		Release|Any CPU = Release|Any CPU
	EndGlobalSection
	GlobalSection(ProjectConfigurationPlatforms) = postSolution
		{071AAB32-CFAB-4A02-9203-9E0A1D831DB4}.Debug|Any CPU.ActiveCfg = Debug|Any CPU
		{071AAB32-CFAB-4A02-9203-9E0A1D831DB4}.Debug|Any CPU.Build.0 = Debug|Any CPU
		{071AAB32-CFAB-4A02-9203-9E0A1D831DB4}.Release|Any CPU.ActiveCfg = Release|Any CPU
		{071AAB32-CFAB-4A02-9203-9E0A1D831DB4}.Release|Any CPU.Build.0 = Release|Any CPU
		{B57D8554-6089-4093-9251-9CE6A30B7D6C}.Debug|Any CPU.ActiveCfg = Debug|Any CPU
		{B57D8554-6089-4093-9251-9CE6A30B7D6C}.Debug|Any CPU.Build.0 = Debug|Any CPU
		{B57D8554-6089-4093-9251-9CE6A30B7D6C}.Release|Any CPU.ActiveCfg = Release|Any CPU
		{B57D8554-6089-4093-9251-9CE6A30B7D6C}.Release|Any CPU.Build.0 = Release|Any CPU
	EndGlobalSection
	GlobalSection(SolutionProperties) = preSolution
		HideSolutionNode = FALSE
	EndGlobalSection
	GlobalSection(ExtensibilityGlobals) = postSolution
		SolutionGuid = {03167DE2-D179-434A-AE02-A17D4058BBE4}
	EndGlobalSection
EndGlobal
